PODS:
  - Alamofire (5.4.3)
  - Kingfisher (6.3.0)
  - RxCocoa (5.1.1):
    - RxRelay (~> 5)
    - RxSwift (~> 5)
  - RxRelay (5.1.1):
    - RxSwift (~> 5)
  - RxSwift (5.1.2)
  - SwiftyJSON (4.1.0)
  - Toast-Swift (5.0.1)

DEPENDENCIES:
  - Alamofire
  - Kingfisher
  - RxCocoa (~> 5)
  - RxSwift (~> 5)
  - SwiftyJSON (= 4.1.0)
  - Toast-Swift (~> 5.0.0)

SPEC REPOS:
  trunk:
    - Alamofire
    - Kingfisher
    - RxCocoa
    - RxRelay
    - RxSwift
    - SwiftyJSON
    - Toast-Swift

SPEC CHECKSUMS:
  Alamofire: e447a2774a40c996748296fa2c55112fdbbc42f9
  Kingfisher: 6c3df386db71d82c0817a429d2c9421a77396529
  RxCocoa: 32065309a38d29b5b0db858819b5bf9ef038b601
  RxRelay: d77f7d771495f43c556cbc43eebd1bb54d01e8e9
  RxSwift: 1e2e1f9570186967f617e49128ed26ccf1bafc8e
  SwiftyJSON: c29297daf073d2aa016295d5809cdd68045c39b3
  Toast-Swift: 9b6a70f28b3bf0b96c40d46c0c4b9d6639846711

PODFILE CHECKSUM: 0a336cec5c5ccd81c55ae42cbe6800995e08fb62

COCOAPODS: 1.10.1
